<Solution>
  <Folder Name="/Solution Items/">
    <File Path=".editorconfig" />
    <File Path=".gitattributes" />
    <File Path=".gitignore" />
    <File Path="bitbucket-pipelines.yml" />
    <File Path="CHANGELOG.md" />
    <File Path="CLAUDE.md" />
    <File Path="Directory.Build.props" />
    <File Path="Directory.Packages.props" />
    <File Path="global.json" />
    <File Path="LICENSE" />
    <File Path="README.md" />
  </Folder>
  <Project Path="src/Communication/Communication.csproj" />
  <Project Path="src/Core/Core.csproj" />
  <Project Path="src/Core.FSharp/Core.FSharp.fsproj" />
  <Project Path="src/Data/Data.csproj" />
  <Project Path="src/GUI.WinForms/GUI.WinForms.csproj" />
  <Project Path="src/Infrastructure/Infrastructure.csproj" />
  <Project Path="src/Services/Services.csproj" />
  <Project Path="src/Services.FSharp/Services.FSharp.fsproj" />
  <Project Path="tests/Tests/Tests.csproj" />
  <Project Path="tests/Tests.FSharp/Tests.FSharp.fsproj" />
</Solution>
